
Microsoft Visual Studio Solution File, Format Version 12.00
# Visual Studio 14
VisualStudioVersion = 14.0.25420.1
MinimumVisualStudioVersion = 10.0.40219.1
Project("{FAE04EC0-301F-11D3-BF4B-00C04F79EFBC}") = "SourceFileUTF8nizer", "SourceFileUTF8nizer\SourceFileUTF8nizer.csproj", "{32F9CE99-9CE4-4698-A20C-8A0337475ACE}"
EndProject
Global
	GlobalSection(SolutionConfigurationPlatforms) = preSolution
		Debug|Any CPU = Debug|Any CPU
		Release|Any CPU = Release|Any CPU
	EndGlobalSection
	GlobalSection(ProjectConfigurationPlatforms) = postSolution
		{32F9CE99-9CE4-4698-A20C-8A0337475ACE}.Debug|Any CPU.ActiveCfg = Debug|Any CPU
		{32F9CE99-9CE4-4698-A20C-8A0337475ACE}.Debug|Any CPU.Build.0 = Debug|Any CPU
		{32F9CE99-9CE4-4698-A20C-8A0337475ACE}.Release|Any CPU.ActiveCfg = Release|Any CPU
		{32F9CE99-9CE4-4698-A20C-8A0337475ACE}.Release|Any CPU.Build.0 = Release|Any CPU
	EndGlobalSection
	GlobalSection(SolutionProperties) = preSolution
		HideSolutionNode = FALSE
	EndGlobalSection
EndGlobal
